
Microsoft Visual Studio Solution File, Format Version 12.00
# Visual Studio Version 17
VisualStudioVersion = 17.7.34024.191
MinimumVisualStudioVersion = 10.0.40219.1
Project("{FAE04EC0-301F-11D3-BF4B-00C04F79EFBC}") = "laboratorio_2_Thomas_Ciro_Correa", "laboratorio_2_Thomas_Ciro_Correa\laboratorio_2_Thomas_Ciro_Correa.csproj", "{7EC4A624-30A3-4771-8B06-0D247015302D}"
EndProject
Global
	GlobalSection(SolutionConfigurationPlatforms) = preSolution
		Debug|Any CPU = Debug|Any CPU
		Release|Any CPU = Release|Any CPU
	EndGlobalSection
	GlobalSection(ProjectConfigurationPlatforms) = postSolution
		{7EC4A624-30A3-4771-8B06-0D247015302D}.Debug|Any CPU.ActiveCfg = Debug|Any CPU
		{7EC4A624-30A3-4771-8B06-0D247015302D}.Debug|Any CPU.Build.0 = Debug|Any CPU
		{7EC4A624-30A3-4771-8B06-0D247015302D}.Release|Any CPU.ActiveCfg = Release|Any CPU
		{7EC4A624-30A3-4771-8B06-0D247015302D}.Release|Any CPU.Build.0 = Release|Any CPU
	EndGlobalSection
	GlobalSection(SolutionProperties) = preSolution
		HideSolutionNode = FALSE
	EndGlobalSection
	GlobalSection(ExtensibilityGlobals) = postSolution
		SolutionGuid = {CC77D608-8535-410F-A87E-67FE9E45AD70}
	EndGlobalSection
EndGlobal
